
Microsoft Visual Studio Solution File, Format Version 12.00
# Visual Studio 2013
VisualStudioVersion = 12.0.40629.0
MinimumVisualStudioVersion = 10.0.40219.1
Project("{8BC9CEB8-8B4A-11D0-8D11-00A0C91BC942}") = "DAT154-Assignment2", "DAT154-Assignment2\DAT154-Assignment2.vcxproj", "{901D09CB-E1BD-45A2-B40B-F1CFCA208A2C}"
EndProject
Global
	GlobalSection(SolutionConfigurationPlatforms) = preSolution
		Debug|Win32 = Debug|Win32
		Release|Win32 = Release|Win32
	EndGlobalSection
	GlobalSection(ProjectConfigurationPlatforms) = postSolution
		{901D09CB-E1BD-45A2-B40B-F1CFCA208A2C}.Debug|Win32.ActiveCfg = Debug|Win32
		{901D09CB-E1BD-45A2-B40B-F1CFCA208A2C}.Debug|Win32.Build.0 = Debug|Win32
		{901D09CB-E1BD-45A2-B40B-F1CFCA208A2C}.Release|Win32.ActiveCfg = Release|Win32
		{901D09CB-E1BD-45A2-B40B-F1CFCA208A2C}.Release|Win32.Build.0 = Release|Win32
	EndGlobalSection
	GlobalSection(SolutionProperties) = preSolution
		HideSolutionNode = FALSE
	EndGlobalSection
EndGlobal
